
Microsoft Visual Studio Solution File, Format Version 12.00
# Visual Studio Version 17
VisualStudioVersion = 17.14.36414.22 d17.14
MinimumVisualStudioVersion = 10.0.40219.1
Project("{FAE04EC0-301F-11D3-BF4B-00C04F79EFBC}") = "What'sInMyCity", "What'sInMyCity\What'sInMyCity.csproj", "{EEA22EA3-D93F-43D1-9F0A-896846E81C12}"
EndProject
Global
	GlobalSection(SolutionConfigurationPlatforms) = preSolution
		Debug|Any CPU = Debug|Any CPU
		Release|Any CPU = Release|Any CPU
	EndGlobalSection
	GlobalSection(ProjectConfigurationPlatforms) = postSolution
		{EEA22EA3-D93F-43D1-9F0A-896846E81C12}.Debug|Any CPU.ActiveCfg = Debug|AnyCPU
		{EEA22EA3-D93F-43D1-9F0A-896846E81C12}.Debug|Any CPU.Build.0 = Debug|AnyCPU
		{EEA22EA3-D93F-43D1-9F0A-896846E81C12}.Release|Any CPU.ActiveCfg = Release|AnyCPU
		{EEA22EA3-D93F-43D1-9F0A-896846E81C12}.Release|Any CPU.Build.0 = Release|AnyCPU
	EndGlobalSection
	GlobalSection(SolutionProperties) = preSolution
		HideSolutionNode = FALSE
	EndGlobalSection
	GlobalSection(ExtensibilityGlobals) = postSolution
		SolutionGuid = {3D106300-A526-4E05-9052-95A9521429BA}
	EndGlobalSection
EndGlobal
